
Microsoft Visual Studio Solution File, Format Version 12.00
# Visual Studio Version 17
VisualStudioVersion = 17.11.35222.181
MinimumVisualStudioVersion = 10.0.40219.1
Project("{FAE04EC0-301F-11D3-BF4B-00C04F79EFBC}") = "65_Dai_PinterestTest", "65_Dai_PinterestTest.csproj", "{529ACA69-8789-48F7-8227-7AAD29D82D25}"
EndProject
Global
	GlobalSection(SolutionConfigurationPlatforms) = preSolution
		Debug|Any CPU = Debug|Any CPU
		Release|Any CPU = Release|Any CPU
	EndGlobalSection
	GlobalSection(ProjectConfigurationPlatforms) = postSolution
		{529ACA69-8789-48F7-8227-7AAD29D82D25}.Debug|Any CPU.ActiveCfg = Debug|Any CPU
		{529ACA69-8789-48F7-8227-7AAD29D82D25}.Debug|Any CPU.Build.0 = Debug|Any CPU
		{529ACA69-8789-48F7-8227-7AAD29D82D25}.Release|Any CPU.ActiveCfg = Release|Any CPU
		{529ACA69-8789-48F7-8227-7AAD29D82D25}.Release|Any CPU.Build.0 = Release|Any CPU
	EndGlobalSection
	GlobalSection(SolutionProperties) = preSolution
		HideSolutionNode = FALSE
	EndGlobalSection
	GlobalSection(ExtensibilityGlobals) = postSolution
		SolutionGuid = {CDCFD4A0-9BE1-478B-A38E-9E71A1685CC8}
	EndGlobalSection
EndGlobal
